// !$*UTF8*$!
{
	archiveVersion = 1;
	classes = {
	};
	objectVersion = 48;
	objects = {

/* Begin PBXBuildFile section */
		ED5DFAF0202CAD9C001D3972 /* Assets.xcassets in Resources */ = {isa = PBXBuildFile; fileRef = ED5DFADD202CAD9C001D3972 /* Assets.xcassets */; };
		ED5DFAF1202CAD9C001D3972 /* AppDelegate.swift in Sources */ = {isa = PBXBuildFile; fileRef = ED5DFADE202CAD9C001D3972 /* AppDelegate.swift */; };
		EDA9C7262424C16D0088121C /* ViewController.swift in Sources */ = {isa = PBXBuildFile; fileRef = EDA9C7252424C16D0088121C /* ViewController.swift */; };
		EDA9C7562424C1B80088121C /* LaunchScreen.storyboard in Resources */ = {isa = PBXBuildFile; fileRef = EDA9C7552424C1B80088121C /* LaunchScreen.storyboard */; };
		EDA9C75C2424C8390088121C /* Constraint.swift in Sources */ = {isa = PBXBuildFile; fileRef = EDA9C75B2424C8390088121C /* Constraint.swift */; };
		EDA9C75E2424C85A0088121C /* LocalizedString.swift in Sources */ = {isa = PBXBuildFile; fileRef = EDA9C75D2424C85A0088121C /* LocalizedString.swift */; };
		EDA9C7602424C8730088121C /* Settings.bundle in Resources */ = {isa = PBXBuildFile; fileRef = EDA9C75F2424C8730088121C /* Settings.bundle */; };
		EDA9C7652424C89E0088121C /* Localizable.strings in Resources */ = {isa = PBXBuildFile; fileRef = EDA9C7672424C89E0088121C /* Localizable.strings */; };
		EDA9C76A2424C8F10088121C /* Defaults.swift in Sources */ = {isa = PBXBuildFile; fileRef = EDA9C7692424C8F10088121C /* Defaults.swift */; };
		EDA9C76D242505D30088121C /* GameView.swift in Sources */ = {isa = PBXBuildFile; fileRef = EDA9C76C242505D30088121C /* GameView.swift */; };
		EDA9C76F24250B440088121C /* Colors.xcassets in Resources */ = {isa = PBXBuildFile; fileRef = EDA9C76E24250B440088121C /* Colors.xcassets */; };
		EDA9C771242512550088121C /* GridView.swift in Sources */ = {isa = PBXBuildFile; fileRef = EDA9C770242512550088121C /* GridView.swift */; };
		EDA9C773242542AE0088121C /* GameSquare.swift in Sources */ = {isa = PBXBuildFile; fileRef = EDA9C772242542AE0088121C /* GameSquare.swift */; };
		EDA9C77524254CF90088121C /* Board.swift in Sources */ = {isa = PBXBuildFile; fileRef = EDA9C77424254CF90088121C /* Board.swift */; };
		EDA9C777242550A50088121C /* Choice.swift in Sources */ = {isa = PBXBuildFile; fileRef = EDA9C776242550A50088121C /* Choice.swift */; };
		EDA9C77D242A59490088121C /* Square.swift in Sources */ = {isa = PBXBuildFile; fileRef = EDA9C77C242A59490088121C /* Square.swift */; };
		EDA9C77F242A5D290088121C /* GameCenter.swift in Sources */ = {isa = PBXBuildFile; fileRef = EDA9C77E242A5D290088121C /* GameCenter.swift */; };
		EDA9C781242A68550088121C /* ScoreView.swift in Sources */ = {isa = PBXBuildFile; fileRef = EDA9C780242A68550088121C /* ScoreView.swift */; };
/* End PBXBuildFile section */

/* Begin PBXFileReference section */
		ED5DFAB4202CAD57001D3972 /* Thirteen.app */ = {isa = PBXFileReference; explicitFileType = wrapper.application; includeInIndex = 0; path = Thirteen.app; sourceTree = BUILT_PRODUCTS_DIR; };
		ED5DFACF202CAD9C001D3972 /* Info.plist */ = {isa = PBXFileReference; fileEncoding = 4; lastKnownFileType = text.plist.xml; path = Info.plist; sourceTree = "<group>"; };
		ED5DFADD202CAD9C001D3972 /* Assets.xcassets */ = {isa = PBXFileReference; lastKnownFileType = folder.assetcatalog; path = Assets.xcassets; sourceTree = "<group>"; };
		ED5DFADE202CAD9C001D3972 /* AppDelegate.swift */ = {isa = PBXFileReference; fileEncoding = 4; lastKnownFileType = sourcecode.swift; path = AppDelegate.swift; sourceTree = "<group>"; };
		EDA9C7252424C16D0088121C /* ViewController.swift */ = {isa = PBXFileReference; lastKnownFileType = sourcecode.swift; path = ViewController.swift; sourceTree = "<group>"; };
		EDA9C7552424C1B80088121C /* LaunchScreen.storyboard */ = {isa = PBXFileReference; lastKnownFileType = file.storyboard; path = LaunchScreen.storyboard; sourceTree = "<group>"; };
		EDA9C75B2424C8390088121C /* Constraint.swift */ = {isa = PBXFileReference; fileEncoding = 4; lastKnownFileType = sourcecode.swift; path = Constraint.swift; sourceTree = "<group>"; };
		EDA9C75D2424C85A0088121C /* LocalizedString.swift */ = {isa = PBXFileReference; fileEncoding = 4; lastKnownFileType = sourcecode.swift; path = LocalizedString.swift; sourceTree = "<group>"; };
		EDA9C75F2424C8730088121C /* Settings.bundle */ = {isa = PBXFileReference; lastKnownFileType = "wrapper.plug-in"; path = Settings.bundle; sourceTree = "<group>"; };
		EDA9C7662424C89E0088121C /* en */ = {isa = PBXFileReference; lastKnownFileType = text.plist.strings; name = en; path = en.lproj/Localizable.strings; sourceTree = "<group>"; };
		EDA9C7682424C8A30088121C /* nl */ = {isa = PBXFileReference; lastKnownFileType = text.plist.strings; name = nl; path = nl.lproj/Localizable.strings; sourceTree = "<group>"; };
		EDA9C7692424C8F10088121C /* Defaults.swift */ = {isa = PBXFileReference; lastKnownFileType = sourcecode.swift; path = Defaults.swift; sourceTree = "<group>"; };
		EDA9C76C242505D30088121C /* GameView.swift */ = {isa = PBXFileReference; lastKnownFileType = sourcecode.swift; path = GameView.swift; sourceTree = "<group>"; };
		EDA9C76E24250B440088121C /* Colors.xcassets */ = {isa = PBXFileReference; lastKnownFileType = folder.assetcatalog; path = Colors.xcassets; sourceTree = "<group>"; };
		EDA9C770242512550088121C /* GridView.swift */ = {isa = PBXFileReference; lastKnownFileType = sourcecode.swift; path = GridView.swift; sourceTree = "<group>"; };
		EDA9C772242542AE0088121C /* GameSquare.swift */ = {isa = PBXFileReference; lastKnownFileType = sourcecode.swift; path = GameSquare.swift; sourceTree = "<group>"; };
		EDA9C77424254CF90088121C /* Board.swift */ = {isa = PBXFileReference; lastKnownFileType = sourcecode.swift; path = Board.swift; sourceTree = "<group>"; };
		EDA9C776242550A50088121C /* Choice.swift */ = {isa = PBXFileReference; lastKnownFileType = sourcecode.swift; path = Choice.swift; sourceTree = "<group>"; };
		EDA9C77C242A59490088121C /* Square.swift */ = {isa = PBXFileReference; lastKnownFileType = sourcecode.swift; path = Square.swift; sourceTree = "<group>"; };
		EDA9C77E242A5D290088121C /* GameCenter.swift */ = {isa = PBXFileReference; lastKnownFileType = sourcecode.swift; path = GameCenter.swift; sourceTree = "<group>"; };
		EDA9C780242A68550088121C /* ScoreView.swift */ = {isa = PBXFileReference; lastKnownFileType = sourcecode.swift; path = ScoreView.swift; sourceTree = "<group>"; };
/* End PBXFileReference section */

/* Begin PBXFrameworksBuildPhase section */
		ED5DFAB1202CAD57001D3972 /* Frameworks */ = {
			isa = PBXFrameworksBuildPhase;
			buildActionMask = 2147483647;
			files = (
			);
			runOnlyForDeploymentPostprocessing = 0;
		};
/* End PBXFrameworksBuildPhase section */

/* Begin PBXGroup section */
		ED5DFAAB202CAD57001D3972 = {
			isa = PBXGroup;
			children = (
				ED5DFAB6202CAD57001D3972 /* Thirteen */,
				ED5DFAB5202CAD57001D3972 /* Products */,
			);
			sourceTree = "<group>";
		};
		ED5DFAB5202CAD57001D3972 /* Products */ = {
			isa = PBXGroup;
			children = (
				ED5DFAB4202CAD57001D3972 /* Thirteen.app */,
			);
			name = Products;
			sourceTree = "<group>";
		};
		ED5DFAB6202CAD57001D3972 /* Thirteen */ = {
			isa = PBXGroup;
			children = (
				ED5DFADE202CAD9C001D3972 /* AppDelegate.swift */,
				EDA9C7632424C8850088121C /* Localizations */,
				EDA9C7642424C8910088121C /* Controllers */,
				EDA9C77B242A593B0088121C /* Model */,
				EDA9C76B242505BD0088121C /* Views */,
				EDA9C7622424C87F0088121C /* Utilities */,
				EDA9C7612424C8780088121C /* Resources */,
				EDA9C75F2424C8730088121C /* Settings.bundle */,
				ED5DFACF202CAD9C001D3972 /* Info.plist */,
			);
			path = Thirteen;
			sourceTree = "<group>";
		};
		EDA9C7612424C8780088121C /* Resources */ = {
			isa = PBXGroup;
			children = (
				EDA9C7552424C1B80088121C /* LaunchScreen.storyboard */,
				ED5DFADD202CAD9C001D3972 /* Assets.xcassets */,
				EDA9C76E24250B440088121C /* Colors.xcassets */,
			);
			path = Resources;
			sourceTree = "<group>";
		};
		EDA9C7622424C87F0088121C /* Utilities */ = {
			isa = PBXGroup;
			children = (
				EDA9C75B2424C8390088121C /* Constraint.swift */,
				EDA9C776242550A50088121C /* Choice.swift */,
				EDA9C7692424C8F10088121C /* Defaults.swift */,
				EDA9C75D2424C85A0088121C /* LocalizedString.swift */,
				EDA9C77E242A5D290088121C /* GameCenter.swift */,
			);
			path = Utilities;
			sourceTree = "<group>";
		};
		EDA9C7632424C8850088121C /* Localizations */ = {
			isa = PBXGroup;
			children = (
				EDA9C7672424C89E0088121C /* Localizable.strings */,
			);
			path = Localizations;
			sourceTree = "<group>";
		};
		EDA9C7642424C8910088121C /* Controllers */ = {
			isa = PBXGroup;
			children = (
				EDA9C7252424C16D0088121C /* ViewController.swift */,
			);
			path = Controllers;
			sourceTree = "<group>";
		};
		EDA9C76B242505BD0088121C /* Views */ = {
			isa = PBXGroup;
			children = (
				EDA9C770242512550088121C /* GridView.swift */,
				EDA9C76C242505D30088121C /* GameView.swift */,
				EDA9C772242542AE0088121C /* GameSquare.swift */,
				EDA9C780242A68550088121C /* ScoreView.swift */,
			);
			path = Views;
			sourceTree = "<group>";
		};
		EDA9C77B242A593B0088121C /* Model */ = {
			isa = PBXGroup;
			children = (
				EDA9C77424254CF90088121C /* Board.swift */,
				EDA9C77C242A59490088121C /* Square.swift */,
			);
			path = Model;
			sourceTree = "<group>";
		};
/* End PBXGroup section */

/* Begin PBXNativeTarget section */
		ED5DFAB3202CAD57001D3972 /* Thirteen */ = {
			isa = PBXNativeTarget;
			buildConfigurationList = ED5DFACC202CAD57001D3972 /* Build configuration list for PBXNativeTarget "Thirteen" */;
			buildPhases = (
				ED5DFAB0202CAD57001D3972 /* Sources */,
				ED5DFAB1202CAD57001D3972 /* Frameworks */,
				ED5DFAB2202CAD57001D3972 /* Resources */,
				ED5DFAF8202CAE21001D3972 /* [Script] Auto-Increment Build Number */,
			);
			buildRules = (
			);
			dependencies = (
			);
			name = Thirteen;
			productName = Thirteen;
			productReference = ED5DFAB4202CAD57001D3972 /* Thirteen.app */;
			productType = "com.apple.product-type.application";
		};
/* End PBXNativeTarget section */

/* Begin PBXProject section */
		ED5DFAAC202CAD57001D3972 /* Project object */ = {
			isa = PBXProject;
			attributes = {
				LastSwiftUpdateCheck = 0920;
				LastUpgradeCheck = 1130;
				ORGANIZATIONNAME = "Wilhelm Thieme";
				TargetAttributes = {
					ED5DFAB3202CAD57001D3972 = {
						CreatedOnToolsVersion = 9.2;
						LastSwiftMigration = 1130;
						ProvisioningStyle = Automatic;
						SystemCapabilities = {
							com.apple.GameCenter = {
								enabled = 1;
							};
							com.apple.InAppPurchase = {
								enabled = 1;
							};
						};
					};
				};
			};
			buildConfigurationList = ED5DFAAF202CAD57001D3972 /* Build configuration list for PBXProject "Thirteen" */;
			compatibilityVersion = "Xcode 8.0";
			developmentRegion = en;
			hasScannedForEncodings = 0;
			knownRegions = (
				en,
				Base,
				nl,
			);
			mainGroup = ED5DFAAB202CAD57001D3972;
			productRefGroup = ED5DFAB5202CAD57001D3972 /* Products */;
			projectDirPath = "";
			projectRoot = "";
			targets = (
				ED5DFAB3202CAD57001D3972 /* Thirteen */,
			);
		};
/* End PBXProject section */

/* Begin PBXResourcesBuildPhase section */
		ED5DFAB2202CAD57001D3972 /* Resources */ = {
			isa = PBXResourcesBuildPhase;
			buildActionMask = 2147483647;
			files = (
				EDA9C76F24250B440088121C /* Colors.xcassets in Resources */,
				EDA9C7602424C8730088121C /* Settings.bundle in Resources */,
				ED5DFAF0202CAD9C001D3972 /* Assets.xcassets in Resources */,
				EDA9C7652424C89E0088121C /* Localizable.strings in Resources */,
				EDA9C7562424C1B80088121C /* LaunchScreen.storyboard in Resources */,
			);
			runOnlyForDeploymentPostprocessing = 0;
		};
/* End PBXResourcesBuildPhase section */

/* Begin PBXShellScriptBuildPhase section */
		ED5DFAF8202CAE21001D3972 /* [Script] Auto-Increment Build Number */ = {
			isa = PBXShellScriptBuildPhase;
			buildActionMask = 2147483647;
			files = (
			);
			inputPaths = (
			);
			name = "[Script] Auto-Increment Build Number";
			outputPaths = (
			);
			runOnlyForDeploymentPostprocessing = 0;
			shellPath = /bin/sh;
			shellScript = "buildNumber=$(/usr/libexec/PlistBuddy -c \"Print CFBundleVersion\" \"${PROJECT_DIR}/${INFOPLIST_FILE}\")\nbuildNumber=$(($buildNumber + 1))\n/usr/libexec/PlistBuddy -c \"Set :CFBundleVersion $buildNumber\" \"${PROJECT_DIR}/${INFOPLIST_FILE}\"\n";
		};
/* End PBXShellScriptBuildPhase section */

/* Begin PBXSourcesBuildPhase section */
		ED5DFAB0202CAD57001D3972 /* Sources */ = {
			isa = PBXSourcesBuildPhase;
			buildActionMask = 2147483647;
			files = (
				EDA9C75C2424C8390088121C /* Constraint.swift in Sources */,
				EDA9C7262424C16D0088121C /* ViewController.swift in Sources */,
				EDA9C77F242A5D290088121C /* GameCenter.swift in Sources */,
				EDA9C76A2424C8F10088121C /* Defaults.swift in Sources */,
				EDA9C771242512550088121C /* GridView.swift in Sources */,
				EDA9C77D242A59490088121C /* Square.swift in Sources */,
				EDA9C75E2424C85A0088121C /* LocalizedString.swift in Sources */,
				EDA9C76D242505D30088121C /* GameView.swift in Sources */,
				EDA9C777242550A50088121C /* Choice.swift in Sources */,
				EDA9C773242542AE0088121C /* GameSquare.swift in Sources */,
				ED5DFAF1202CAD9C001D3972 /* AppDelegate.swift in Sources */,
				EDA9C781242A68550088121C /* ScoreView.swift in Sources */,
				EDA9C77524254CF90088121C /* Board.swift in Sources */,
			);
			runOnlyForDeploymentPostprocessing = 0;
		};
/* End PBXSourcesBuildPhase section */

/* Begin PBXVariantGroup section */
		EDA9C7672424C89E0088121C /* Localizable.strings */ = {
			isa = PBXVariantGroup;
			children = (
				EDA9C7662424C89E0088121C /* en */,
				EDA9C7682424C8A30088121C /* nl */,
			);
			name = Localizable.strings;
			sourceTree = "<group>";
		};
/* End PBXVariantGroup section */

/* Begin XCBuildConfiguration section */
		ED5DFACA202CAD57001D3972 /* Debug */ = {
			isa = XCBuildConfiguration;
			buildSettings = {
				ALWAYS_SEARCH_USER_PATHS = NO;
				CLANG_ANALYZER_NONNULL = YES;
				CLANG_ANALYZER_NUMBER_OBJECT_CONVERSION = YES_AGGRESSIVE;
				CLANG_CXX_LANGUAGE_STANDARD = "gnu++14";
				CLANG_CXX_LIBRARY = "libc++";
				CLANG_ENABLE_MODULES = YES;
				CLANG_ENABLE_OBJC_ARC = YES;
				CLANG_WARN_BLOCK_CAPTURE_AUTORELEASING = YES;
				CLANG_WARN_BOOL_CONVERSION = YES;
				CLANG_WARN_COMMA = YES;
				CLANG_WARN_CONSTANT_CONVERSION = YES;
				CLANG_WARN_DEPRECATED_OBJC_IMPLEMENTATIONS = YES;
				CLANG_WARN_DIRECT_OBJC_ISA_USAGE = YES_ERROR;
				CLANG_WARN_DOCUMENTATION_COMMENTS = YES;
				CLANG_WARN_EMPTY_BODY = YES;
				CLANG_WARN_ENUM_CONVERSION = YES;
				CLANG_WARN_INFINITE_RECURSION = YES;
				CLANG_WARN_INT_CONVERSION = YES;
				CLANG_WARN_NON_LITERAL_NULL_CONVERSION = YES;
				CLANG_WARN_OBJC_IMPLICIT_RETAIN_SELF = YES;
				CLANG_WARN_OBJC_LITERAL_CONVERSION = YES;
				CLANG_WARN_OBJC_ROOT_CLASS = YES_ERROR;
				CLANG_WARN_RANGE_LOOP_ANALYSIS = YES;
				CLANG_WARN_STRICT_PROTOTYPES = YES;
				CLANG_WARN_SUSPICIOUS_MOVE = YES;
				CLANG_WARN_UNGUARDED_AVAILABILITY = YES_AGGRESSIVE;
				CLANG_WARN_UNREACHABLE_CODE = YES;
				CLANG_WARN__DUPLICATE_METHOD_MATCH = YES;
				CODE_SIGN_IDENTITY = "iPhone Developer";
				COPY_PHASE_STRIP = NO;
				DEBUG_INFORMATION_FORMAT = dwarf;
				ENABLE_STRICT_OBJC_MSGSEND = YES;
				ENABLE_TESTABILITY = YES;
				GCC_C_LANGUAGE_STANDARD = gnu11;
				GCC_DYNAMIC_NO_PIC = NO;
				GCC_NO_COMMON_BLOCKS = YES;
				GCC_OPTIMIZATION_LEVEL = 0;
				GCC_PREPROCESSOR_DEFINITIONS = (
					"DEBUG=1",
					"$(inherited)",
				);
				GCC_WARN_64_TO_32_BIT_CONVERSION = YES;
				GCC_WARN_ABOUT_RETURN_TYPE = YES_ERROR;
				GCC_WARN_UNDECLARED_SELECTOR = YES;
				GCC_WARN_UNINITIALIZED_AUTOS = YES_AGGRESSIVE;
				GCC_WARN_UNUSED_FUNCTION = YES;
				GCC_WARN_UNUSED_VARIABLE = YES;
				IPHONEOS_DEPLOYMENT_TARGET = 11.2;
				MTL_ENABLE_DEBUG_INFO = YES;
				ONLY_ACTIVE_ARCH = YES;
				SDKROOT = iphoneos;
				SWIFT_ACTIVE_COMPILATION_CONDITIONS = DEBUG;
				SWIFT_OPTIMIZATION_LEVEL = "-Onone";
			};
			name = Debug;
		};
		ED5DFACB202CAD57001D3972 /* Release */ = {
			isa = XCBuildConfiguration;
			buildSettings = {
				ALWAYS_SEARCH_USER_PATHS = NO;
				CLANG_ANALYZER_NONNULL = YES;
				CLANG_ANALYZER_NUMBER_OBJECT_CONVERSION = YES_AGGRESSIVE;
				CLANG_CXX_LANGUAGE_STANDARD = "gnu++14";
				CLANG_CXX_LIBRARY = "libc++";
				CLANG_ENABLE_MODULES = YES;
				CLANG_ENABLE_OBJC_ARC = YES;
				CLANG_WARN_BLOCK_CAPTURE_AUTORELEASING = YES;
				CLANG_WARN_BOOL_CONVERSION = YES;
				CLANG_WARN_COMMA = YES;
				CLANG_WARN_CONSTANT_CONVERSION = YES;
				CLANG_WARN_DEPRECATED_OBJC_IMPLEMENTATIONS = YES;
				CLANG_WARN_DIRECT_OBJC_ISA_USAGE = YES_ERROR;
				CLANG_WARN_DOCUMENTATION_COMMENTS = YES;
				CLANG_WARN_EMPTY_BODY = YES;
				CLANG_WARN_ENUM_CONVERSION = YES;
				CLANG_WARN_INFINITE_RECURSION = YES;
				CLANG_WARN_INT_CONVERSION = YES;
				CLANG_WARN_NON_LITERAL_NULL_CONVERSION = YES;
				CLANG_WARN_OBJC_IMPLICIT_RETAIN_SELF = YES;
				CLANG_WARN_OBJC_LITERAL_CONVERSION = YES;
				CLANG_WARN_OBJC_ROOT_CLASS = YES_ERROR;
				CLANG_WARN_RANGE_LOOP_ANALYSIS = YES;
				CLANG_WARN_STRICT_PROTOTYPES = YES;
				CLANG_WARN_SUSPICIOUS_MOVE = YES;
				CLANG_WARN_UNGUARDED_AVAILABILITY = YES_AGGRESSIVE;
				CLANG_WARN_UNREACHABLE_CODE = YES;
				CLANG_WARN__DUPLICATE_METHOD_MATCH = YES;
				CODE_SIGN_IDENTITY = "iPhone Developer";
				COPY_PHASE_STRIP = NO;
				DEBUG_INFORMATION_FORMAT = "dwarf-with-dsym";
				ENABLE_NS_ASSERTIONS = NO;
				ENABLE_STRICT_OBJC_MSGSEND = YES;
				GCC_C_LANGUAGE_STANDARD = gnu11;
				GCC_NO_COMMON_BLOCKS = YES;
				GCC_WARN_64_TO_32_BIT_CONVERSION = YES;
				GCC_WARN_ABOUT_RETURN_TYPE = YES_ERROR;
				GCC_WARN_UNDECLARED_SELECTOR = YES;
				GCC_WARN_UNINITIALIZED_AUTOS = YES_AGGRESSIVE;
				GCC_WARN_UNUSED_FUNCTION = YES;
				GCC_WARN_UNUSED_VARIABLE = YES;
				IPHONEOS_DEPLOYMENT_TARGET = 11.2;
				MTL_ENABLE_DEBUG_INFO = NO;
				SDKROOT = iphoneos;
				SWIFT_OPTIMIZATION_LEVEL = "-Owholemodule";
				VALIDATE_PRODUCT = YES;
			};
			name = Release;
		};
		ED5DFACD202CAD57001D3972 /* Debug */ = {
			isa = XCBuildConfiguration;
			buildSettings = {
				ASSETCATALOG_COMPILER_APPICON_NAME = app.icon;
				CLANG_ENABLE_MODULES = YES;
				"CODE_SIGN_IDENTITY[sdk=iphoneos*]" = "iPhone Developer";
				CODE_SIGN_STYLE = Automatic;
				DEVELOPMENT_TEAM = 9ELM74XG98;
				INFOPLIST_FILE = Thirteen/Info.plist;
				IPHONEOS_DEPLOYMENT_TARGET = 13.0;
				LD_RUNPATH_SEARCH_PATHS = "$(inherited) @executable_path/Frameworks";
				PRODUCT_BUNDLE_IDENTIFIER = com.wjthieme.Thirteen;
				PRODUCT_NAME = "$(TARGET_NAME)";
				PROVISIONING_PROFILE = "";
				PROVISIONING_PROFILE_SPECIFIER = "";
				SWIFT_OPTIMIZATION_LEVEL = "-Onone";
				SWIFT_VERSION = 5.0;
				TARGETED_DEVICE_FAMILY = "1,2";
			};
			name = Debug;
		};
		ED5DFACE202CAD57001D3972 /* Release */ = {
			isa = XCBuildConfiguration;
			buildSettings = {
				ASSETCATALOG_COMPILER_APPICON_NAME = app.icon;
				CLANG_ENABLE_MODULES = YES;
				"CODE_SIGN_IDENTITY[sdk=iphoneos*]" = "iPhone Developer";
				CODE_SIGN_STYLE = Automatic;
				DEVELOPMENT_TEAM = 9ELM74XG98;
				INFOPLIST_FILE = Thirteen/Info.plist;
				IPHONEOS_DEPLOYMENT_TARGET = 13.0;
				LD_RUNPATH_SEARCH_PATHS = "$(inherited) @executable_path/Frameworks";
				PRODUCT_BUNDLE_IDENTIFIER = com.wjthieme.Thirteen;
				PRODUCT_NAME = "$(TARGET_NAME)";
				PROVISIONING_PROFILE = "";
				PROVISIONING_PROFILE_SPECIFIER = "";
				SWIFT_VERSION = 5.0;
				TARGETED_DEVICE_FAMILY = "1,2";
			};
			name = Release;
		};
/* End XCBuildConfiguration section */

/* Begin XCConfigurationList section */
		ED5DFAAF202CAD57001D3972 /* Build configuration list for PBXProject "Thirteen" */ = {
			isa = XCConfigurationList;
			buildConfigurations = (
				ED5DFACA202CAD57001D3972 /* Debug */,
				ED5DFACB202CAD57001D3972 /* Release */,
			);
			defaultConfigurationIsVisible = 0;
			defaultConfigurationName = Release;
		};
		ED5DFACC202CAD57001D3972 /* Build configuration list for PBXNativeTarget "Thirteen" */ = {
			isa = XCConfigurationList;
			buildConfigurations = (
				ED5DFACD202CAD57001D3972 /* Debug */,
				ED5DFACE202CAD57001D3972 /* Release */,
			);
			defaultConfigurationIsVisible = 0;
			defaultConfigurationName = Release;
		};
/* End XCConfigurationList section */
	};
	rootObject = ED5DFAAC202CAD57001D3972 /* Project object */;
}
